// !$*UTF8*$!
{
	archiveVersion = 1;
	classes = {
	};
	objectVersion = 50;
	objects = {

/* Begin PBXBuildFile section */
		DDB732A32404D39D008C3CC7 /* main.cpp in Sources */ = {isa = PBXBuildFile; fileRef = DDB732782404D39D008C3CC7 /* main.cpp */; };
		DDB732A42404D39D008C3CC7 /* assemblylan.cpp in Sources */ = {isa = PBXBuildFile; fileRef = DDB732792404D39D008C3CC7 /* assemblylan.cpp */; };
		DDB732C72404D39D008C3CC7 /* add.cpp in Sources */ = {isa = PBXBuildFile; fileRef = DDB7329D2404D39D008C3CC7 /* add.cpp */; };
		DDB7331E2404D54F008C3CC7 /* head.cpp in Sources */ = {isa = PBXBuildFile; fileRef = DDB7331D2404D54F008C3CC7 /* head.cpp */; };
		DDB7334C24050995008C3CC7 /* div.cpp in Sources */ = {isa = PBXBuildFile; fileRef = DDB7332524050991008C3CC7 /* div.cpp */; };
		DDB7334D24050995008C3CC7 /* andi.cpp in Sources */ = {isa = PBXBuildFile; fileRef = DDB7332624050992008C3CC7 /* andi.cpp */; };
		DDB7334E24050995008C3CC7 /* mfhi.cpp in Sources */ = {isa = PBXBuildFile; fileRef = DDB7332724050992008C3CC7 /* mfhi.cpp */; };
		DDB7334F24050995008C3CC7 /* or.cpp in Sources */ = {isa = PBXBuildFile; fileRef = DDB7332824050992008C3CC7 /* or.cpp */; };
		DDB7335024050995008C3CC7 /* sw.cpp in Sources */ = {isa = PBXBuildFile; fileRef = DDB7332924050992008C3CC7 /* sw.cpp */; };
		DDB7335124050995008C3CC7 /* mthi.cpp in Sources */ = {isa = PBXBuildFile; fileRef = DDB7332A24050992008C3CC7 /* mthi.cpp */; };
		DDB7335224050995008C3CC7 /* bgtz.cpp in Sources */ = {isa = PBXBuildFile; fileRef = DDB7332B24050992008C3CC7 /* bgtz.cpp */; };
		DDB7335324050995008C3CC7 /* lw.cpp in Sources */ = {isa = PBXBuildFile; fileRef = DDB7332C24050992008C3CC7 /* lw.cpp */; };
		DDB7335424050995008C3CC7 /* mult.cpp in Sources */ = {isa = PBXBuildFile; fileRef = DDB7332D24050992008C3CC7 /* mult.cpp */; };
		DDB7335524050995008C3CC7 /* add.cpp in Sources */ = {isa = PBXBuildFile; fileRef = DDB7332E24050992008C3CC7 /* add.cpp */; };
		DDB7335624050995008C3CC7 /* bne.cpp in Sources */ = {isa = PBXBuildFile; fileRef = DDB7332F24050992008C3CC7 /* bne.cpp */; };
		DDB7335724050995008C3CC7 /* addu.cpp in Sources */ = {isa = PBXBuildFile; fileRef = DDB7333024050992008C3CC7 /* addu.cpp */; };
		DDB7335924050995008C3CC7 /* subu.cpp in Sources */ = {isa = PBXBuildFile; fileRef = DDB7333224050992008C3CC7 /* subu.cpp */; };
		DDB7335A24050995008C3CC7 /* jalr.cpp in Sources */ = {isa = PBXBuildFile; fileRef = DDB7333324050992008C3CC7 /* jalr.cpp */; };
		DDB7335B24050995008C3CC7 /* addi.cpp in Sources */ = {isa = PBXBuildFile; fileRef = DDB7333424050993008C3CC7 /* addi.cpp */; };
		DDB7335C24050995008C3CC7 /* xori.cpp in Sources */ = {isa = PBXBuildFile; fileRef = DDB7333524050993008C3CC7 /* xori.cpp */; };
		DDB7335D24050995008C3CC7 /* j.cpp in Sources */ = {isa = PBXBuildFile; fileRef = DDB7333624050993008C3CC7 /* j.cpp */; };
		DDB7335E24050995008C3CC7 /* ori.cpp in Sources */ = {isa = PBXBuildFile; fileRef = DDB7333724050993008C3CC7 /* ori.cpp */; };
		DDB7335F24050995008C3CC7 /* nor.cpp in Sources */ = {isa = PBXBuildFile; fileRef = DDB7333824050993008C3CC7 /* nor.cpp */; };
		DDB7336024050995008C3CC7 /* sll.cpp in Sources */ = {isa = PBXBuildFile; fileRef = DDB7333924050993008C3CC7 /* sll.cpp */; };
		DDB7336124050995008C3CC7 /* multu.cpp in Sources */ = {isa = PBXBuildFile; fileRef = DDB7333A24050993008C3CC7 /* multu.cpp */; };
		DDB7336224050995008C3CC7 /* beq.cpp in Sources */ = {isa = PBXBuildFile; fileRef = DDB7333B24050993008C3CC7 /* beq.cpp */; };
		DDB7336324050995008C3CC7 /* and.cpp in Sources */ = {isa = PBXBuildFile; fileRef = DDB7333C24050993008C3CC7 /* and.cpp */; };
		DDB7336424050995008C3CC7 /* mtlo.cpp in Sources */ = {isa = PBXBuildFile; fileRef = DDB7333D24050993008C3CC7 /* mtlo.cpp */; };
		DDB7336524050995008C3CC7 /* nop.cpp in Sources */ = {isa = PBXBuildFile; fileRef = DDB7333E24050993008C3CC7 /* nop.cpp */; };
		DDB7336624050995008C3CC7 /* lui.cpp in Sources */ = {isa = PBXBuildFile; fileRef = DDB7333F24050993008C3CC7 /* lui.cpp */; };
		DDB7336724050995008C3CC7 /* jal.cpp in Sources */ = {isa = PBXBuildFile; fileRef = DDB7334024050994008C3CC7 /* jal.cpp */; };
		DDB7336924050995008C3CC7 /* mflo.cpp in Sources */ = {isa = PBXBuildFile; fileRef = DDB7334224050994008C3CC7 /* mflo.cpp */; };
		DDB7336A24050995008C3CC7 /* jr.cpp in Sources */ = {isa = PBXBuildFile; fileRef = DDB7334324050994008C3CC7 /* jr.cpp */; };
		DDB7336B24050995008C3CC7 /* slt.cpp in Sources */ = {isa = PBXBuildFile; fileRef = DDB7334424050994008C3CC7 /* slt.cpp */; };
		DDB7336C24050995008C3CC7 /* sltu.cpp in Sources */ = {isa = PBXBuildFile; fileRef = DDB7334524050994008C3CC7 /* sltu.cpp */; };
		DDB7336D24050995008C3CC7 /* sra.cpp in Sources */ = {isa = PBXBuildFile; fileRef = DDB7334624050994008C3CC7 /* sra.cpp */; };
		DDB7336E24050995008C3CC7 /* sub.cpp in Sources */ = {isa = PBXBuildFile; fileRef = DDB7334724050994008C3CC7 /* sub.cpp */; };
		DDB7336F24050995008C3CC7 /* xor.cpp in Sources */ = {isa = PBXBuildFile; fileRef = DDB7334824050994008C3CC7 /* xor.cpp */; };
		DDB7337024050995008C3CC7 /* divu.cpp in Sources */ = {isa = PBXBuildFile; fileRef = DDB7334924050994008C3CC7 /* divu.cpp */; };
		DDB7337124050995008C3CC7 /* srl.cpp in Sources */ = {isa = PBXBuildFile; fileRef = DDB7334A24050995008C3CC7 /* srl.cpp */; };
/* End PBXBuildFile section */

/* Begin PBXCopyFilesBuildPhase section */
		DDB731C92404CFA2008C3CC7 /* CopyFiles */ = {
			isa = PBXCopyFilesBuildPhase;
			buildActionMask = 2147483647;
			dstPath = /usr/share/man/man1/;
			dstSubfolderSpec = 0;
			files = (
			);
			runOnlyForDeploymentPostprocessing = 1;
		};
/* End PBXCopyFilesBuildPhase section */

/* Begin PBXFileReference section */
		DDB731CB2404CFA2008C3CC7 /* asslan */ = {isa = PBXFileReference; explicitFileType = "compiled.mach-o.executable"; includeInIndex = 0; path = asslan; sourceTree = BUILT_PRODUCTS_DIR; };
		DDB732782404D39D008C3CC7 /* main.cpp */ = {isa = PBXFileReference; fileEncoding = 4; lastKnownFileType = sourcecode.cpp.cpp; path = main.cpp; sourceTree = "<group>"; };
		DDB732792404D39D008C3CC7 /* assemblylan.cpp */ = {isa = PBXFileReference; fileEncoding = 4; lastKnownFileType = sourcecode.cpp.cpp; path = assemblylan.cpp; sourceTree = "<group>"; };
		DDB7329D2404D39D008C3CC7 /* add.cpp */ = {isa = PBXFileReference; fileEncoding = 4; lastKnownFileType = sourcecode.cpp.cpp; path = add.cpp; sourceTree = "<group>"; };
		DDB732A22404D39D008C3CC7 /* orders.h */ = {isa = PBXFileReference; fileEncoding = 4; lastKnownFileType = sourcecode.c.h; path = orders.h; sourceTree = "<group>"; };
		DDB732CD2404D489008C3CC7 /* head.h */ = {isa = PBXFileReference; lastKnownFileType = sourcecode.c.h; path = head.h; sourceTree = "<group>"; };
		DDB7331D2404D54F008C3CC7 /* head.cpp */ = {isa = PBXFileReference; lastKnownFileType = sourcecode.cpp.cpp; path = head.cpp; sourceTree = "<group>"; };
		DDB733232404FBD9008C3CC7 /* assemblylan.h */ = {isa = PBXFileReference; lastKnownFileType = sourcecode.c.h; path = assemblylan.h; sourceTree = "<group>"; };
		DDB7332524050991008C3CC7 /* div.cpp */ = {isa = PBXFileReference; fileEncoding = 4; lastKnownFileType = sourcecode.cpp.cpp; path = div.cpp; sourceTree = "<group>"; };
		DDB7332624050992008C3CC7 /* andi.cpp */ = {isa = PBXFileReference; fileEncoding = 4; lastKnownFileType = sourcecode.cpp.cpp; path = andi.cpp; sourceTree = "<group>"; };
		DDB7332724050992008C3CC7 /* mfhi.cpp */ = {isa = PBXFileReference; fileEncoding = 4; lastKnownFileType = sourcecode.cpp.cpp; path = mfhi.cpp; sourceTree = "<group>"; };
		DDB7332824050992008C3CC7 /* or.cpp */ = {isa = PBXFileReference; fileEncoding = 4; lastKnownFileType = sourcecode.cpp.cpp; path = or.cpp; sourceTree = "<group>"; };
		DDB7332924050992008C3CC7 /* sw.cpp */ = {isa = PBXFileReference; fileEncoding = 4; lastKnownFileType = sourcecode.cpp.cpp; path = sw.cpp; sourceTree = "<group>"; };
		DDB7332A24050992008C3CC7 /* mthi.cpp */ = {isa = PBXFileReference; fileEncoding = 4; lastKnownFileType = sourcecode.cpp.cpp; path = mthi.cpp; sourceTree = "<group>"; };
		DDB7332B24050992008C3CC7 /* bgtz.cpp */ = {isa = PBXFileReference; fileEncoding = 4; lastKnownFileType = sourcecode.cpp.cpp; path = bgtz.cpp; sourceTree = "<group>"; };
		DDB7332C24050992008C3CC7 /* lw.cpp */ = {isa = PBXFileReference; fileEncoding = 4; lastKnownFileType = sourcecode.cpp.cpp; path = lw.cpp; sourceTree = "<group>"; };
		DDB7332D24050992008C3CC7 /* mult.cpp */ = {isa = PBXFileReference; fileEncoding = 4; lastKnownFileType = sourcecode.cpp.cpp; path = mult.cpp; sourceTree = "<group>"; };
		DDB7332E24050992008C3CC7 /* add.cpp */ = {isa = PBXFileReference; fileEncoding = 4; lastKnownFileType = sourcecode.cpp.cpp; path = add.cpp; sourceTree = "<group>"; };
		DDB7332F24050992008C3CC7 /* bne.cpp */ = {isa = PBXFileReference; fileEncoding = 4; lastKnownFileType = sourcecode.cpp.cpp; path = bne.cpp; sourceTree = "<group>"; };
		DDB7333024050992008C3CC7 /* addu.cpp */ = {isa = PBXFileReference; fileEncoding = 4; lastKnownFileType = sourcecode.cpp.cpp; path = addu.cpp; sourceTree = "<group>"; };
		DDB7333224050992008C3CC7 /* subu.cpp */ = {isa = PBXFileReference; fileEncoding = 4; lastKnownFileType = sourcecode.cpp.cpp; path = subu.cpp; sourceTree = "<group>"; };
		DDB7333324050992008C3CC7 /* jalr.cpp */ = {isa = PBXFileReference; fileEncoding = 4; lastKnownFileType = sourcecode.cpp.cpp; path = jalr.cpp; sourceTree = "<group>"; };
		DDB7333424050993008C3CC7 /* addi.cpp */ = {isa = PBXFileReference; fileEncoding = 4; lastKnownFileType = sourcecode.cpp.cpp; path = addi.cpp; sourceTree = "<group>"; };
		DDB7333524050993008C3CC7 /* xori.cpp */ = {isa = PBXFileReference; fileEncoding = 4; lastKnownFileType = sourcecode.cpp.cpp; path = xori.cpp; sourceTree = "<group>"; };
		DDB7333624050993008C3CC7 /* j.cpp */ = {isa = PBXFileReference; fileEncoding = 4; lastKnownFileType = sourcecode.cpp.cpp; path = j.cpp; sourceTree = "<group>"; };
		DDB7333724050993008C3CC7 /* ori.cpp */ = {isa = PBXFileReference; fileEncoding = 4; lastKnownFileType = sourcecode.cpp.cpp; path = ori.cpp; sourceTree = "<group>"; };
		DDB7333824050993008C3CC7 /* nor.cpp */ = {isa = PBXFileReference; fileEncoding = 4; lastKnownFileType = sourcecode.cpp.cpp; path = nor.cpp; sourceTree = "<group>"; };
		DDB7333924050993008C3CC7 /* sll.cpp */ = {isa = PBXFileReference; fileEncoding = 4; lastKnownFileType = sourcecode.cpp.cpp; path = sll.cpp; sourceTree = "<group>"; };
		DDB7333A24050993008C3CC7 /* multu.cpp */ = {isa = PBXFileReference; fileEncoding = 4; lastKnownFileType = sourcecode.cpp.cpp; path = multu.cpp; sourceTree = "<group>"; };
		DDB7333B24050993008C3CC7 /* beq.cpp */ = {isa = PBXFileReference; fileEncoding = 4; lastKnownFileType = sourcecode.cpp.cpp; path = beq.cpp; sourceTree = "<group>"; };
		DDB7333C24050993008C3CC7 /* and.cpp */ = {isa = PBXFileReference; fileEncoding = 4; lastKnownFileType = sourcecode.cpp.cpp; path = and.cpp; sourceTree = "<group>"; };
		DDB7333D24050993008C3CC7 /* mtlo.cpp */ = {isa = PBXFileReference; fileEncoding = 4; lastKnownFileType = sourcecode.cpp.cpp; path = mtlo.cpp; sourceTree = "<group>"; };
		DDB7333E24050993008C3CC7 /* nop.cpp */ = {isa = PBXFileReference; fileEncoding = 4; lastKnownFileType = sourcecode.cpp.cpp; path = nop.cpp; sourceTree = "<group>"; };
		DDB7333F24050993008C3CC7 /* lui.cpp */ = {isa = PBXFileReference; fileEncoding = 4; lastKnownFileType = sourcecode.cpp.cpp; path = lui.cpp; sourceTree = "<group>"; };
		DDB7334024050994008C3CC7 /* jal.cpp */ = {isa = PBXFileReference; fileEncoding = 4; lastKnownFileType = sourcecode.cpp.cpp; path = jal.cpp; sourceTree = "<group>"; };
		DDB7334224050994008C3CC7 /* mflo.cpp */ = {isa = PBXFileReference; fileEncoding = 4; lastKnownFileType = sourcecode.cpp.cpp; path = mflo.cpp; sourceTree = "<group>"; };
		DDB7334324050994008C3CC7 /* jr.cpp */ = {isa = PBXFileReference; fileEncoding = 4; lastKnownFileType = sourcecode.cpp.cpp; path = jr.cpp; sourceTree = "<group>"; };
		DDB7334424050994008C3CC7 /* slt.cpp */ = {isa = PBXFileReference; fileEncoding = 4; lastKnownFileType = sourcecode.cpp.cpp; path = slt.cpp; sourceTree = "<group>"; };
		DDB7334524050994008C3CC7 /* sltu.cpp */ = {isa = PBXFileReference; fileEncoding = 4; lastKnownFileType = sourcecode.cpp.cpp; path = sltu.cpp; sourceTree = "<group>"; };
		DDB7334624050994008C3CC7 /* sra.cpp */ = {isa = PBXFileReference; fileEncoding = 4; lastKnownFileType = sourcecode.cpp.cpp; path = sra.cpp; sourceTree = "<group>"; };
		DDB7334724050994008C3CC7 /* sub.cpp */ = {isa = PBXFileReference; fileEncoding = 4; lastKnownFileType = sourcecode.cpp.cpp; path = sub.cpp; sourceTree = "<group>"; };
		DDB7334824050994008C3CC7 /* xor.cpp */ = {isa = PBXFileReference; fileEncoding = 4; lastKnownFileType = sourcecode.cpp.cpp; path = xor.cpp; sourceTree = "<group>"; };
		DDB7334924050994008C3CC7 /* divu.cpp */ = {isa = PBXFileReference; fileEncoding = 4; lastKnownFileType = sourcecode.cpp.cpp; path = divu.cpp; sourceTree = "<group>"; };
		DDB7334A24050995008C3CC7 /* srl.cpp */ = {isa = PBXFileReference; fileEncoding = 4; lastKnownFileType = sourcecode.cpp.cpp; path = srl.cpp; sourceTree = "<group>"; };
/* End PBXFileReference section */

/* Begin PBXFrameworksBuildPhase section */
		DDB731C82404CFA2008C3CC7 /* Frameworks */ = {
			isa = PBXFrameworksBuildPhase;
			buildActionMask = 2147483647;
			files = (
			);
			runOnlyForDeploymentPostprocessing = 0;
		};
/* End PBXFrameworksBuildPhase section */

/* Begin PBXGroup section */
		DDB731C22404CFA2008C3CC7 = {
			isa = PBXGroup;
			children = (
				DDB731CD2404CFA2008C3CC7 /* asslan */,
				DDB731CC2404CFA2008C3CC7 /* Products */,
			);
			sourceTree = "<group>";
		};
		DDB731CC2404CFA2008C3CC7 /* Products */ = {
			isa = PBXGroup;
			children = (
				DDB731CB2404CFA2008C3CC7 /* asslan */,
			);
			name = Products;
			sourceTree = "<group>";
		};
		DDB731CD2404CFA2008C3CC7 /* asslan */ = {
			isa = PBXGroup;
			children = (
				DDB732792404D39D008C3CC7 /* assemblylan.cpp */,
				DDB733232404FBD9008C3CC7 /* assemblylan.h */,
				DDB732CD2404D489008C3CC7 /* head.h */,
				DDB7331D2404D54F008C3CC7 /* head.cpp */,
				DDB732782404D39D008C3CC7 /* main.cpp */,
				DDB7327A2404D39D008C3CC7 /* order */,
				DDB732A22404D39D008C3CC7 /* orders.h */,
			);
			path = asslan;
			sourceTree = "<group>";
		};
		DDB7327A2404D39D008C3CC7 /* order */ = {
			isa = PBXGroup;
			children = (
				DDB7332E24050992008C3CC7 /* add.cpp */,
				DDB7333424050993008C3CC7 /* addi.cpp */,
				DDB7333024050992008C3CC7 /* addu.cpp */,
				DDB7333C24050993008C3CC7 /* and.cpp */,
				DDB7332624050992008C3CC7 /* andi.cpp */,
				DDB7333B24050993008C3CC7 /* beq.cpp */,
				DDB7332B24050992008C3CC7 /* bgtz.cpp */,
				DDB7332F24050992008C3CC7 /* bne.cpp */,
				DDB7332524050991008C3CC7 /* div.cpp */,
				DDB7334924050994008C3CC7 /* divu.cpp */,
				DDB7333624050993008C3CC7 /* j.cpp */,
				DDB7334024050994008C3CC7 /* jal.cpp */,
				DDB7333324050992008C3CC7 /* jalr.cpp */,
				DDB7334324050994008C3CC7 /* jr.cpp */,
				DDB7333F24050993008C3CC7 /* lui.cpp */,
				DDB7332C24050992008C3CC7 /* lw.cpp */,
				DDB7332724050992008C3CC7 /* mfhi.cpp */,
				DDB7334224050994008C3CC7 /* mflo.cpp */,
				DDB7332A24050992008C3CC7 /* mthi.cpp */,
				DDB7333D24050993008C3CC7 /* mtlo.cpp */,
				DDB7332D24050992008C3CC7 /* mult.cpp */,
				DDB7333A24050993008C3CC7 /* multu.cpp */,
				DDB7333E24050993008C3CC7 /* nop.cpp */,
				DDB7333824050993008C3CC7 /* nor.cpp */,
				DDB7332824050992008C3CC7 /* or.cpp */,
				DDB7333724050993008C3CC7 /* ori.cpp */,
				DDB7333924050993008C3CC7 /* sll.cpp */,
				DDB7334424050994008C3CC7 /* slt.cpp */,
				DDB7334524050994008C3CC7 /* sltu.cpp */,
				DDB7334624050994008C3CC7 /* sra.cpp */,
				DDB7334A24050995008C3CC7 /* srl.cpp */,
				DDB7334724050994008C3CC7 /* sub.cpp */,
				DDB7333224050992008C3CC7 /* subu.cpp */,
				DDB7332924050992008C3CC7 /* sw.cpp */,
				DDB7334824050994008C3CC7 /* xor.cpp */,
				DDB7333524050993008C3CC7 /* xori.cpp */,
				DDB7329D2404D39D008C3CC7 /* add.cpp */,
			);
			path = order;
			sourceTree = "<group>";
		};
/* End PBXGroup section */

/* Begin PBXNativeTarget section */
		DDB731CA2404CFA2008C3CC7 /* asslan */ = {
			isa = PBXNativeTarget;
			buildConfigurationList = DDB731D22404CFA2008C3CC7 /* Build configuration list for PBXNativeTarget "asslan" */;
			buildPhases = (
				DDB731C72404CFA2008C3CC7 /* Sources */,
				DDB731C82404CFA2008C3CC7 /* Frameworks */,
				DDB731C92404CFA2008C3CC7 /* CopyFiles */,
			);
			buildRules = (
			);
			dependencies = (
			);
			name = asslan;
			productName = asslan;
			productReference = DDB731CB2404CFA2008C3CC7 /* asslan */;
			productType = "com.apple.product-type.tool";
		};
/* End PBXNativeTarget section */

/* Begin PBXProject section */
		DDB731C32404CFA2008C3CC7 /* Project object */ = {
			isa = PBXProject;
			attributes = {
				LastUpgradeCheck = 1020;
				ORGANIZATIONNAME = chuyi;
				TargetAttributes = {
					DDB731CA2404CFA2008C3CC7 = {
						CreatedOnToolsVersion = 10.2.1;
					};
				};
			};
			buildConfigurationList = DDB731C62404CFA2008C3CC7 /* Build configuration list for PBXProject "asslan" */;
			compatibilityVersion = "Xcode 9.3";
			developmentRegion = en;
			hasScannedForEncodings = 0;
			knownRegions = (
				en,
			);
			mainGroup = DDB731C22404CFA2008C3CC7;
			productRefGroup = DDB731CC2404CFA2008C3CC7 /* Products */;
			projectDirPath = "";
			projectRoot = "";
			targets = (
				DDB731CA2404CFA2008C3CC7 /* asslan */,
			);
		};
/* End PBXProject section */

/* Begin PBXSourcesBuildPhase section */
		DDB731C72404CFA2008C3CC7 /* Sources */ = {
			isa = PBXSourcesBuildPhase;
			buildActionMask = 2147483647;
			files = (
				DDB7337124050995008C3CC7 /* srl.cpp in Sources */,
				DDB7335324050995008C3CC7 /* lw.cpp in Sources */,
				DDB7334D24050995008C3CC7 /* andi.cpp in Sources */,
				DDB7336624050995008C3CC7 /* lui.cpp in Sources */,
				DDB7336124050995008C3CC7 /* multu.cpp in Sources */,
				DDB7336B24050995008C3CC7 /* slt.cpp in Sources */,
				DDB7335124050995008C3CC7 /* mthi.cpp in Sources */,
				DDB7331E2404D54F008C3CC7 /* head.cpp in Sources */,
				DDB7335D24050995008C3CC7 /* j.cpp in Sources */,
				DDB732A32404D39D008C3CC7 /* main.cpp in Sources */,
				DDB7336D24050995008C3CC7 /* sra.cpp in Sources */,
				DDB7336924050995008C3CC7 /* mflo.cpp in Sources */,
				DDB732A42404D39D008C3CC7 /* assemblylan.cpp in Sources */,
				DDB7336F24050995008C3CC7 /* xor.cpp in Sources */,
				DDB7334C24050995008C3CC7 /* div.cpp in Sources */,
				DDB7335C24050995008C3CC7 /* xori.cpp in Sources */,
				DDB7336C24050995008C3CC7 /* sltu.cpp in Sources */,
				DDB7335024050995008C3CC7 /* sw.cpp in Sources */,
				DDB7336724050995008C3CC7 /* jal.cpp in Sources */,
				DDB7335B24050995008C3CC7 /* addi.cpp in Sources */,
				DDB7336E24050995008C3CC7 /* sub.cpp in Sources */,
				DDB7336224050995008C3CC7 /* beq.cpp in Sources */,
				DDB7334E24050995008C3CC7 /* mfhi.cpp in Sources */,
				DDB7335424050995008C3CC7 /* mult.cpp in Sources */,
				DDB7336024050995008C3CC7 /* sll.cpp in Sources */,
				DDB7336324050995008C3CC7 /* and.cpp in Sources */,
				DDB7335224050995008C3CC7 /* bgtz.cpp in Sources */,
				DDB7336524050995008C3CC7 /* nop.cpp in Sources */,
				DDB7336A24050995008C3CC7 /* jr.cpp in Sources */,
				DDB7337024050995008C3CC7 /* divu.cpp in Sources */,
				DDB7335924050995008C3CC7 /* subu.cpp in Sources */,
				DDB7335524050995008C3CC7 /* add.cpp in Sources */,
				DDB7335E24050995008C3CC7 /* ori.cpp in Sources */,
				DDB7336424050995008C3CC7 /* mtlo.cpp in Sources */,
				DDB7335F24050995008C3CC7 /* nor.cpp in Sources */,
				DDB7335724050995008C3CC7 /* addu.cpp in Sources */,
				DDB7335624050995008C3CC7 /* bne.cpp in Sources */,
				DDB7334F24050995008C3CC7 /* or.cpp in Sources */,
				DDB7335A24050995008C3CC7 /* jalr.cpp in Sources */,
				DDB732C72404D39D008C3CC7 /* add.cpp in Sources */,
			);
			runOnlyForDeploymentPostprocessing = 0;
		};
/* End PBXSourcesBuildPhase section */

/* Begin XCBuildConfiguration section */
		DDB731D02404CFA2008C3CC7 /* Debug */ = {
			isa = XCBuildConfiguration;
			buildSettings = {
				ALWAYS_SEARCH_USER_PATHS = NO;
				CLANG_ANALYZER_NONNULL = YES;
				CLANG_ANALYZER_NUMBER_OBJECT_CONVERSION = YES_AGGRESSIVE;
				CLANG_CXX_LANGUAGE_STANDARD = "gnu++14";
				CLANG_CXX_LIBRARY = "libc++";
				CLANG_ENABLE_MODULES = YES;
				CLANG_ENABLE_OBJC_ARC = YES;
				CLANG_ENABLE_OBJC_WEAK = YES;
				CLANG_WARN_BLOCK_CAPTURE_AUTORELEASING = YES;
				CLANG_WARN_BOOL_CONVERSION = YES;
				CLANG_WARN_COMMA = YES;
				CLANG_WARN_CONSTANT_CONVERSION = YES;
				CLANG_WARN_DEPRECATED_OBJC_IMPLEMENTATIONS = YES;
				CLANG_WARN_DIRECT_OBJC_ISA_USAGE = YES_ERROR;
				CLANG_WARN_DOCUMENTATION_COMMENTS = YES;
				CLANG_WARN_EMPTY_BODY = YES;
				CLANG_WARN_ENUM_CONVERSION = YES;
				CLANG_WARN_INFINITE_RECURSION = YES;
				CLANG_WARN_INT_CONVERSION = YES;
				CLANG_WARN_NON_LITERAL_NULL_CONVERSION = YES;
				CLANG_WARN_OBJC_IMPLICIT_RETAIN_SELF = YES;
				CLANG_WARN_OBJC_LITERAL_CONVERSION = YES;
				CLANG_WARN_OBJC_ROOT_CLASS = YES_ERROR;
				CLANG_WARN_RANGE_LOOP_ANALYSIS = YES;
				CLANG_WARN_STRICT_PROTOTYPES = YES;
				CLANG_WARN_SUSPICIOUS_MOVE = YES;
				CLANG_WARN_UNGUARDED_AVAILABILITY = YES_AGGRESSIVE;
				CLANG_WARN_UNREACHABLE_CODE = YES;
				CLANG_WARN__DUPLICATE_METHOD_MATCH = YES;
				CODE_SIGN_IDENTITY = "Mac Developer";
				COPY_PHASE_STRIP = NO;
				DEBUG_INFORMATION_FORMAT = dwarf;
				ENABLE_STRICT_OBJC_MSGSEND = YES;
				ENABLE_TESTABILITY = YES;
				GCC_C_LANGUAGE_STANDARD = gnu11;
				GCC_DYNAMIC_NO_PIC = NO;
				GCC_NO_COMMON_BLOCKS = YES;
				GCC_OPTIMIZATION_LEVEL = 0;
				GCC_PREPROCESSOR_DEFINITIONS = (
					"DEBUG=1",
					"$(inherited)",
				);
				GCC_WARN_64_TO_32_BIT_CONVERSION = YES;
				GCC_WARN_ABOUT_RETURN_TYPE = YES_ERROR;
				GCC_WARN_UNDECLARED_SELECTOR = YES;
				GCC_WARN_UNINITIALIZED_AUTOS = YES_AGGRESSIVE;
				GCC_WARN_UNUSED_FUNCTION = YES;
				GCC_WARN_UNUSED_VARIABLE = YES;
				MACOSX_DEPLOYMENT_TARGET = 10.14;
				MTL_ENABLE_DEBUG_INFO = INCLUDE_SOURCE;
				MTL_FAST_MATH = YES;
				ONLY_ACTIVE_ARCH = YES;
				SDKROOT = macosx;
			};
			name = Debug;
		};
		DDB731D12404CFA2008C3CC7 /* Release */ = {
			isa = XCBuildConfiguration;
			buildSettings = {
				ALWAYS_SEARCH_USER_PATHS = NO;
				CLANG_ANALYZER_NONNULL = YES;
				CLANG_ANALYZER_NUMBER_OBJECT_CONVERSION = YES_AGGRESSIVE;
				CLANG_CXX_LANGUAGE_STANDARD = "gnu++14";
				CLANG_CXX_LIBRARY = "libc++";
				CLANG_ENABLE_MODULES = YES;
				CLANG_ENABLE_OBJC_ARC = YES;
				CLANG_ENABLE_OBJC_WEAK = YES;
				CLANG_WARN_BLOCK_CAPTURE_AUTORELEASING = YES;
				CLANG_WARN_BOOL_CONVERSION = YES;
				CLANG_WARN_COMMA = YES;
				CLANG_WARN_CONSTANT_CONVERSION = YES;
				CLANG_WARN_DEPRECATED_OBJC_IMPLEMENTATIONS = YES;
				CLANG_WARN_DIRECT_OBJC_ISA_USAGE = YES_ERROR;
				CLANG_WARN_DOCUMENTATION_COMMENTS = YES;
				CLANG_WARN_EMPTY_BODY = YES;
				CLANG_WARN_ENUM_CONVERSION = YES;
				CLANG_WARN_INFINITE_RECURSION = YES;
				CLANG_WARN_INT_CONVERSION = YES;
				CLANG_WARN_NON_LITERAL_NULL_CONVERSION = YES;
				CLANG_WARN_OBJC_IMPLICIT_RETAIN_SELF = YES;
				CLANG_WARN_OBJC_LITERAL_CONVERSION = YES;
				CLANG_WARN_OBJC_ROOT_CLASS = YES_ERROR;
				CLANG_WARN_RANGE_LOOP_ANALYSIS = YES;
				CLANG_WARN_STRICT_PROTOTYPES = YES;
				CLANG_WARN_SUSPICIOUS_MOVE = YES;
				CLANG_WARN_UNGUARDED_AVAILABILITY = YES_AGGRESSIVE;
				CLANG_WARN_UNREACHABLE_CODE = YES;
				CLANG_WARN__DUPLICATE_METHOD_MATCH = YES;
				CODE_SIGN_IDENTITY = "Mac Developer";
				COPY_PHASE_STRIP = NO;
				DEBUG_INFORMATION_FORMAT = "dwarf-with-dsym";
				ENABLE_NS_ASSERTIONS = NO;
				ENABLE_STRICT_OBJC_MSGSEND = YES;
				GCC_C_LANGUAGE_STANDARD = gnu11;
				GCC_NO_COMMON_BLOCKS = YES;
				GCC_WARN_64_TO_32_BIT_CONVERSION = YES;
				GCC_WARN_ABOUT_RETURN_TYPE = YES_ERROR;
				GCC_WARN_UNDECLARED_SELECTOR = YES;
				GCC_WARN_UNINITIALIZED_AUTOS = YES_AGGRESSIVE;
				GCC_WARN_UNUSED_FUNCTION = YES;
				GCC_WARN_UNUSED_VARIABLE = YES;
				MACOSX_DEPLOYMENT_TARGET = 10.14;
				MTL_ENABLE_DEBUG_INFO = NO;
				MTL_FAST_MATH = YES;
				SDKROOT = macosx;
			};
			name = Release;
		};
		DDB731D32404CFA2008C3CC7 /* Debug */ = {
			isa = XCBuildConfiguration;
			buildSettings = {
				CODE_SIGN_STYLE = Automatic;
				DEVELOPMENT_TEAM = 5N5HMF92Q2;
				PRODUCT_NAME = "$(TARGET_NAME)";
			};
			name = Debug;
		};
		DDB731D42404CFA2008C3CC7 /* Release */ = {
			isa = XCBuildConfiguration;
			buildSettings = {
				CODE_SIGN_STYLE = Automatic;
				DEVELOPMENT_TEAM = 5N5HMF92Q2;
				PRODUCT_NAME = "$(TARGET_NAME)";
			};
			name = Release;
		};
/* End XCBuildConfiguration section */

/* Begin XCConfigurationList section */
		DDB731C62404CFA2008C3CC7 /* Build configuration list for PBXProject "asslan" */ = {
			isa = XCConfigurationList;
			buildConfigurations = (
				DDB731D02404CFA2008C3CC7 /* Debug */,
				DDB731D12404CFA2008C3CC7 /* Release */,
			);
			defaultConfigurationIsVisible = 0;
			defaultConfigurationName = Release;
		};
		DDB731D22404CFA2008C3CC7 /* Build configuration list for PBXNativeTarget "asslan" */ = {
			isa = XCConfigurationList;
			buildConfigurations = (
				DDB731D32404CFA2008C3CC7 /* Debug */,
				DDB731D42404CFA2008C3CC7 /* Release */,
			);
			defaultConfigurationIsVisible = 0;
			defaultConfigurationName = Release;
		};
/* End XCConfigurationList section */
	};
	rootObject = DDB731C32404CFA2008C3CC7 /* Project object */;
}
