// !$*UTF8*$!
{
	archiveVersion = 1;
	classes = {
	};
	objectVersion = 50;
	objects = {

/* Begin PBXBuildFile section */
		DD06D7BC23A49FC000B53028 /* alloc.cpp in Sources */ = {isa = PBXBuildFile; fileRef = DD06D7BA23A49FC000B53028 /* alloc.cpp */; };
		DD06D7C023AF4D9000B53028 /* utils.cpp in Sources */ = {isa = PBXBuildFile; fileRef = DD06D7BE23AF4D9000B53028 /* utils.cpp */; };
		DD06D7C323AF533700B53028 /* data_type.cpp in Sources */ = {isa = PBXBuildFile; fileRef = DD06D7C123AF533700B53028 /* data_type.cpp */; };
		DD06D7C823C6EF6800B53028 /* background.cpp in Sources */ = {isa = PBXBuildFile; fileRef = DD06D7C623C6EF6800B53028 /* background.cpp */; };
		DD06D7CB23C74EDA00B53028 /* instruction.cpp in Sources */ = {isa = PBXBuildFile; fileRef = DD06D7C923C74EDA00B53028 /* instruction.cpp */; };
		DD06D7CE23C7582300B53028 /* back_var_ctrl.cpp in Sources */ = {isa = PBXBuildFile; fileRef = DD06D7CC23C7582300B53028 /* back_var_ctrl.cpp */; };
		DD3A5719239E20C500700EA4 /* tree_node.cpp in Sources */ = {isa = PBXBuildFile; fileRef = DD3A5717239E20C500700EA4 /* tree_node.cpp */; };
		DD3E6759236C387100491B2C /* syntax_analyze_matrix.cpp in Sources */ = {isa = PBXBuildFile; fileRef = DD3E6758236C387100491B2C /* syntax_analyze_matrix.cpp */; };
		DD45FF1423910FB900DF1432 /* lexical_analyze.cpp in Sources */ = {isa = PBXBuildFile; fileRef = DD45FF1323910FB900DF1432 /* lexical_analyze.cpp */; };
		DD45FF172391103300DF1432 /* main.cpp in Sources */ = {isa = PBXBuildFile; fileRef = DD45FF152391103300DF1432 /* main.cpp */; };
		DD6A1D50243B1F4800D2A307 /* data_type_func.cpp in Sources */ = {isa = PBXBuildFile; fileRef = DD6A1D4E243B1F4800D2A307 /* data_type_func.cpp */; };
		DD9F3DB6239A52F000D3EE90 /* guidance.cpp in Sources */ = {isa = PBXBuildFile; fileRef = DD9F3DB4239A52F000D3EE90 /* guidance.cpp */; };
		DD9F3DBB239B6A6400D3EE90 /* symble.cpp in Sources */ = {isa = PBXBuildFile; fileRef = DD9F3DBA239B6A6400D3EE90 /* symble.cpp */; };
		DDA50D2D2429BCEF00BAE753 /* struct_type_dic.cpp in Sources */ = {isa = PBXBuildFile; fileRef = DDA50D2B2429BCEF00BAE753 /* struct_type_dic.cpp */; };
		DDB73389240A079C008C3CC7 /* macro_inst.cpp in Sources */ = {isa = PBXBuildFile; fileRef = DDB73387240A079C008C3CC7 /* macro_inst.cpp */; };
/* End PBXBuildFile section */

/* Begin PBXCopyFilesBuildPhase section */
		DD3E6753236C387100491B2C /* CopyFiles */ = {
			isa = PBXCopyFilesBuildPhase;
			buildActionMask = 2147483647;
			dstPath = /usr/share/man/man1/;
			dstSubfolderSpec = 0;
			files = (
			);
			runOnlyForDeploymentPostprocessing = 1;
		};
/* End PBXCopyFilesBuildPhase section */

/* Begin PBXFileReference section */
		DD06D7BA23A49FC000B53028 /* alloc.cpp */ = {isa = PBXFileReference; lastKnownFileType = sourcecode.cpp.cpp; path = alloc.cpp; sourceTree = "<group>"; };
		DD06D7BB23A49FC000B53028 /* alloc.h */ = {isa = PBXFileReference; lastKnownFileType = sourcecode.c.h; path = alloc.h; sourceTree = "<group>"; };
		DD06D7BE23AF4D9000B53028 /* utils.cpp */ = {isa = PBXFileReference; lastKnownFileType = sourcecode.cpp.cpp; path = utils.cpp; sourceTree = "<group>"; };
		DD06D7BF23AF4D9000B53028 /* utils.h */ = {isa = PBXFileReference; lastKnownFileType = sourcecode.c.h; path = utils.h; sourceTree = "<group>"; };
		DD06D7C123AF533700B53028 /* data_type.cpp */ = {isa = PBXFileReference; lastKnownFileType = sourcecode.cpp.cpp; path = data_type.cpp; sourceTree = "<group>"; };
		DD06D7C223AF533700B53028 /* data_type.h */ = {isa = PBXFileReference; lastKnownFileType = sourcecode.c.h; path = data_type.h; sourceTree = "<group>"; };
		DD06D7C623C6EF6800B53028 /* background.cpp */ = {isa = PBXFileReference; lastKnownFileType = sourcecode.cpp.cpp; path = background.cpp; sourceTree = "<group>"; };
		DD06D7C723C6EF6800B53028 /* background.h */ = {isa = PBXFileReference; lastKnownFileType = sourcecode.c.h; path = background.h; sourceTree = "<group>"; };
		DD06D7C923C74EDA00B53028 /* instruction.cpp */ = {isa = PBXFileReference; lastKnownFileType = sourcecode.cpp.cpp; path = instruction.cpp; sourceTree = "<group>"; };
		DD06D7CA23C74EDA00B53028 /* instruction.h */ = {isa = PBXFileReference; lastKnownFileType = sourcecode.c.h; path = instruction.h; sourceTree = "<group>"; };
		DD06D7CC23C7582300B53028 /* back_var_ctrl.cpp */ = {isa = PBXFileReference; lastKnownFileType = sourcecode.cpp.cpp; path = back_var_ctrl.cpp; sourceTree = "<group>"; };
		DD06D7CD23C7582300B53028 /* back_var_ctrl.h */ = {isa = PBXFileReference; lastKnownFileType = sourcecode.c.h; path = back_var_ctrl.h; sourceTree = "<group>"; };
		DD3A5717239E20C500700EA4 /* tree_node.cpp */ = {isa = PBXFileReference; lastKnownFileType = sourcecode.cpp.cpp; path = tree_node.cpp; sourceTree = "<group>"; };
		DD3A5718239E20C500700EA4 /* tree_node.h */ = {isa = PBXFileReference; lastKnownFileType = sourcecode.c.h; path = tree_node.h; sourceTree = "<group>"; };
		DD3E6755236C387100491B2C /* gcc_simple */ = {isa = PBXFileReference; explicitFileType = "compiled.mach-o.executable"; includeInIndex = 0; path = gcc_simple; sourceTree = BUILT_PRODUCTS_DIR; };
		DD3E6758236C387100491B2C /* syntax_analyze_matrix.cpp */ = {isa = PBXFileReference; lastKnownFileType = sourcecode.cpp.cpp; path = syntax_analyze_matrix.cpp; sourceTree = "<group>"; };
		DD45FF1323910FB900DF1432 /* lexical_analyze.cpp */ = {isa = PBXFileReference; fileEncoding = 4; lastKnownFileType = sourcecode.cpp.cpp; path = lexical_analyze.cpp; sourceTree = "<group>"; };
		DD45FF152391103300DF1432 /* main.cpp */ = {isa = PBXFileReference; lastKnownFileType = sourcecode.cpp.cpp; path = main.cpp; sourceTree = "<group>"; };
		DD45FF1A2391167600DF1432 /* lexical_analyze.h */ = {isa = PBXFileReference; lastKnownFileType = sourcecode.c.h; path = lexical_analyze.h; sourceTree = "<group>"; };
		DD45FF1B239117BB00DF1432 /* syntax_analyze_matrix.h */ = {isa = PBXFileReference; lastKnownFileType = sourcecode.c.h; path = syntax_analyze_matrix.h; sourceTree = "<group>"; };
		DD45FF1C23911DEC00DF1432 /* macro.h */ = {isa = PBXFileReference; lastKnownFileType = sourcecode.c.h; path = macro.h; sourceTree = "<group>"; };
		DD6A1D4E243B1F4800D2A307 /* data_type_func.cpp */ = {isa = PBXFileReference; lastKnownFileType = sourcecode.cpp.cpp; path = data_type_func.cpp; sourceTree = "<group>"; };
		DD6A1D4F243B1F4800D2A307 /* data_type_func.h */ = {isa = PBXFileReference; lastKnownFileType = sourcecode.c.h; path = data_type_func.h; sourceTree = "<group>"; };
		DD9F3DB4239A52F000D3EE90 /* guidance.cpp */ = {isa = PBXFileReference; fileEncoding = 4; lastKnownFileType = sourcecode.cpp.cpp; path = guidance.cpp; sourceTree = "<group>"; };
		DD9F3DB5239A52F000D3EE90 /* guidance.h */ = {isa = PBXFileReference; lastKnownFileType = sourcecode.c.h; path = guidance.h; sourceTree = "<group>"; };
		DD9F3DB8239A55D500D3EE90 /* symble.h */ = {isa = PBXFileReference; lastKnownFileType = sourcecode.c.h; path = symble.h; sourceTree = "<group>"; };
		DD9F3DBA239B6A6400D3EE90 /* symble.cpp */ = {isa = PBXFileReference; lastKnownFileType = sourcecode.cpp.cpp; path = symble.cpp; sourceTree = "<group>"; };
		DDA50D2B2429BCEF00BAE753 /* struct_type_dic.cpp */ = {isa = PBXFileReference; lastKnownFileType = sourcecode.cpp.cpp; path = struct_type_dic.cpp; sourceTree = "<group>"; };
		DDA50D2C2429BCEF00BAE753 /* struct_type_dic.h */ = {isa = PBXFileReference; lastKnownFileType = sourcecode.c.h; path = struct_type_dic.h; sourceTree = "<group>"; };
		DDB73387240A079C008C3CC7 /* macro_inst.cpp */ = {isa = PBXFileReference; lastKnownFileType = sourcecode.cpp.cpp; path = macro_inst.cpp; sourceTree = "<group>"; };
		DDB73388240A079C008C3CC7 /* macro_inst.h */ = {isa = PBXFileReference; lastKnownFileType = sourcecode.c.h; path = macro_inst.h; sourceTree = "<group>"; };
/* End PBXFileReference section */

/* Begin PBXFrameworksBuildPhase section */
		DD3E6752236C387100491B2C /* Frameworks */ = {
			isa = PBXFrameworksBuildPhase;
			buildActionMask = 2147483647;
			files = (
			);
			runOnlyForDeploymentPostprocessing = 0;
		};
/* End PBXFrameworksBuildPhase section */

/* Begin PBXGroup section */
		DD06D7C523C6EEF100B53028 /* background */ = {
			isa = PBXGroup;
			children = (
				DD06D7C623C6EF6800B53028 /* background.cpp */,
				DD06D7C723C6EF6800B53028 /* background.h */,
				DD06D7CC23C7582300B53028 /* back_var_ctrl.cpp */,
				DD06D7CD23C7582300B53028 /* back_var_ctrl.h */,
				DD06D7C923C74EDA00B53028 /* instruction.cpp */,
				DD06D7CA23C74EDA00B53028 /* instruction.h */,
				DDB73387240A079C008C3CC7 /* macro_inst.cpp */,
				DDB73388240A079C008C3CC7 /* macro_inst.h */,
			);
			path = background;
			sourceTree = "<group>";
		};
		DD3E674C236C387000491B2C = {
			isa = PBXGroup;
			children = (
				DD3E6757236C387100491B2C /* src */,
				DD3E6756236C387100491B2C /* Products */,
			);
			sourceTree = "<group>";
		};
		DD3E6756236C387100491B2C /* Products */ = {
			isa = PBXGroup;
			children = (
				DD3E6755236C387100491B2C /* gcc_simple */,
			);
			name = Products;
			sourceTree = "<group>";
		};
		DD3E6757236C387100491B2C /* src */ = {
			isa = PBXGroup;
			children = (
				DD45FF1C23911DEC00DF1432 /* macro.h */,
				DD3E6758236C387100491B2C /* syntax_analyze_matrix.cpp */,
				DD45FF1B239117BB00DF1432 /* syntax_analyze_matrix.h */,
				DD45FF1A2391167600DF1432 /* lexical_analyze.h */,
				DD45FF1323910FB900DF1432 /* lexical_analyze.cpp */,
				DD9F3DB4239A52F000D3EE90 /* guidance.cpp */,
				DD9F3DB5239A52F000D3EE90 /* guidance.h */,
				DD3A5717239E20C500700EA4 /* tree_node.cpp */,
				DD3A5718239E20C500700EA4 /* tree_node.h */,
				DD9F3DB8239A55D500D3EE90 /* symble.h */,
				DD9F3DBA239B6A6400D3EE90 /* symble.cpp */,
				DD06D7BA23A49FC000B53028 /* alloc.cpp */,
				DD06D7BB23A49FC000B53028 /* alloc.h */,
				DD45FF152391103300DF1432 /* main.cpp */,
				DD06D7C123AF533700B53028 /* data_type.cpp */,
				DD06D7C223AF533700B53028 /* data_type.h */,
				DD6A1D4E243B1F4800D2A307 /* data_type_func.cpp */,
				DD6A1D4F243B1F4800D2A307 /* data_type_func.h */,
				DDA50D2B2429BCEF00BAE753 /* struct_type_dic.cpp */,
				DDA50D2C2429BCEF00BAE753 /* struct_type_dic.h */,
				DD06D7BE23AF4D9000B53028 /* utils.cpp */,
				DD06D7BF23AF4D9000B53028 /* utils.h */,
				DD06D7C523C6EEF100B53028 /* background */,
			);
			path = src;
			sourceTree = "<group>";
		};
/* End PBXGroup section */

/* Begin PBXNativeTarget section */
		DD3E6754236C387100491B2C /* gcc_simple */ = {
			isa = PBXNativeTarget;
			buildConfigurationList = DD3E675C236C387100491B2C /* Build configuration list for PBXNativeTarget "gcc_simple" */;
			buildPhases = (
				DD3E6751236C387100491B2C /* Sources */,
				DD3E6752236C387100491B2C /* Frameworks */,
				DD3E6753236C387100491B2C /* CopyFiles */,
			);
			buildRules = (
			);
			dependencies = (
			);
			name = gcc_simple;
			productName = test;
			productReference = DD3E6755236C387100491B2C /* gcc_simple */;
			productType = "com.apple.product-type.tool";
		};
/* End PBXNativeTarget section */

/* Begin PBXProject section */
		DD3E674D236C387000491B2C /* Project object */ = {
			isa = PBXProject;
			attributes = {
				LastUpgradeCheck = 1020;
				ORGANIZATIONNAME = chuyi;
				TargetAttributes = {
					DD3E6754236C387100491B2C = {
						CreatedOnToolsVersion = 10.2.1;
					};
				};
			};
			buildConfigurationList = DD3E6750236C387000491B2C /* Build configuration list for PBXProject "gcc_simple" */;
			compatibilityVersion = "Xcode 9.3";
			developmentRegion = en;
			hasScannedForEncodings = 0;
			knownRegions = (
				en,
			);
			mainGroup = DD3E674C236C387000491B2C;
			productRefGroup = DD3E6756236C387100491B2C /* Products */;
			projectDirPath = "";
			projectRoot = "";
			targets = (
				DD3E6754236C387100491B2C /* gcc_simple */,
			);
		};
/* End PBXProject section */

/* Begin PBXSourcesBuildPhase section */
		DD3E6751236C387100491B2C /* Sources */ = {
			isa = PBXSourcesBuildPhase;
			buildActionMask = 2147483647;
			files = (
				DDB73389240A079C008C3CC7 /* macro_inst.cpp in Sources */,
				DD45FF1423910FB900DF1432 /* lexical_analyze.cpp in Sources */,
				DD9F3DB6239A52F000D3EE90 /* guidance.cpp in Sources */,
				DD9F3DBB239B6A6400D3EE90 /* symble.cpp in Sources */,
				DD3E6759236C387100491B2C /* syntax_analyze_matrix.cpp in Sources */,
				DD3A5719239E20C500700EA4 /* tree_node.cpp in Sources */,
				DD06D7BC23A49FC000B53028 /* alloc.cpp in Sources */,
				DD06D7CB23C74EDA00B53028 /* instruction.cpp in Sources */,
				DD6A1D50243B1F4800D2A307 /* data_type_func.cpp in Sources */,
				DD06D7C323AF533700B53028 /* data_type.cpp in Sources */,
				DD06D7C823C6EF6800B53028 /* background.cpp in Sources */,
				DD06D7C023AF4D9000B53028 /* utils.cpp in Sources */,
				DDA50D2D2429BCEF00BAE753 /* struct_type_dic.cpp in Sources */,
				DD06D7CE23C7582300B53028 /* back_var_ctrl.cpp in Sources */,
				DD45FF172391103300DF1432 /* main.cpp in Sources */,
			);
			runOnlyForDeploymentPostprocessing = 0;
		};
/* End PBXSourcesBuildPhase section */

/* Begin XCBuildConfiguration section */
		DD3E675A236C387100491B2C /* Debug */ = {
			isa = XCBuildConfiguration;
			buildSettings = {
				ALWAYS_SEARCH_USER_PATHS = NO;
				CLANG_ANALYZER_NONNULL = YES;
				CLANG_ANALYZER_NUMBER_OBJECT_CONVERSION = YES_AGGRESSIVE;
				CLANG_CXX_LANGUAGE_STANDARD = "gnu++14";
				CLANG_CXX_LIBRARY = "libc++";
				CLANG_ENABLE_MODULES = YES;
				CLANG_ENABLE_OBJC_ARC = YES;
				CLANG_ENABLE_OBJC_WEAK = YES;
				CLANG_WARN_BLOCK_CAPTURE_AUTORELEASING = YES;
				CLANG_WARN_BOOL_CONVERSION = YES;
				CLANG_WARN_COMMA = YES;
				CLANG_WARN_CONSTANT_CONVERSION = YES;
				CLANG_WARN_DEPRECATED_OBJC_IMPLEMENTATIONS = YES;
				CLANG_WARN_DIRECT_OBJC_ISA_USAGE = YES_ERROR;
				CLANG_WARN_DOCUMENTATION_COMMENTS = YES;
				CLANG_WARN_EMPTY_BODY = YES;
				CLANG_WARN_ENUM_CONVERSION = YES;
				CLANG_WARN_INFINITE_RECURSION = YES;
				CLANG_WARN_INT_CONVERSION = YES;
				CLANG_WARN_NON_LITERAL_NULL_CONVERSION = YES;
				CLANG_WARN_OBJC_IMPLICIT_RETAIN_SELF = YES;
				CLANG_WARN_OBJC_LITERAL_CONVERSION = YES;
				CLANG_WARN_OBJC_ROOT_CLASS = YES_ERROR;
				CLANG_WARN_RANGE_LOOP_ANALYSIS = YES;
				CLANG_WARN_STRICT_PROTOTYPES = YES;
				CLANG_WARN_SUSPICIOUS_MOVE = YES;
				CLANG_WARN_UNGUARDED_AVAILABILITY = YES_AGGRESSIVE;
				CLANG_WARN_UNREACHABLE_CODE = YES;
				CLANG_WARN__DUPLICATE_METHOD_MATCH = YES;
				CODE_SIGN_IDENTITY = "Mac Developer";
				COPY_PHASE_STRIP = NO;
				DEBUG_INFORMATION_FORMAT = dwarf;
				ENABLE_STRICT_OBJC_MSGSEND = YES;
				ENABLE_TESTABILITY = YES;
				GCC_C_LANGUAGE_STANDARD = gnu11;
				GCC_DYNAMIC_NO_PIC = NO;
				GCC_NO_COMMON_BLOCKS = YES;
				GCC_OPTIMIZATION_LEVEL = 0;
				GCC_PREPROCESSOR_DEFINITIONS = (
					"DEBUG=1",
					"$(inherited)",
				);
				GCC_WARN_64_TO_32_BIT_CONVERSION = YES;
				GCC_WARN_ABOUT_RETURN_TYPE = YES_ERROR;
				GCC_WARN_UNDECLARED_SELECTOR = YES;
				GCC_WARN_UNINITIALIZED_AUTOS = YES_AGGRESSIVE;
				GCC_WARN_UNUSED_FUNCTION = YES;
				GCC_WARN_UNUSED_VARIABLE = YES;
				MACOSX_DEPLOYMENT_TARGET = 10.14;
				MTL_ENABLE_DEBUG_INFO = INCLUDE_SOURCE;
				MTL_FAST_MATH = YES;
				ONLY_ACTIVE_ARCH = YES;
				SDKROOT = macosx;
			};
			name = Debug;
		};
		DD3E675B236C387100491B2C /* Release */ = {
			isa = XCBuildConfiguration;
			buildSettings = {
				ALWAYS_SEARCH_USER_PATHS = NO;
				CLANG_ANALYZER_NONNULL = YES;
				CLANG_ANALYZER_NUMBER_OBJECT_CONVERSION = YES_AGGRESSIVE;
				CLANG_CXX_LANGUAGE_STANDARD = "gnu++14";
				CLANG_CXX_LIBRARY = "libc++";
				CLANG_ENABLE_MODULES = YES;
				CLANG_ENABLE_OBJC_ARC = YES;
				CLANG_ENABLE_OBJC_WEAK = YES;
				CLANG_WARN_BLOCK_CAPTURE_AUTORELEASING = YES;
				CLANG_WARN_BOOL_CONVERSION = YES;
				CLANG_WARN_COMMA = YES;
				CLANG_WARN_CONSTANT_CONVERSION = YES;
				CLANG_WARN_DEPRECATED_OBJC_IMPLEMENTATIONS = YES;
				CLANG_WARN_DIRECT_OBJC_ISA_USAGE = YES_ERROR;
				CLANG_WARN_DOCUMENTATION_COMMENTS = YES;
				CLANG_WARN_EMPTY_BODY = YES;
				CLANG_WARN_ENUM_CONVERSION = YES;
				CLANG_WARN_INFINITE_RECURSION = YES;
				CLANG_WARN_INT_CONVERSION = YES;
				CLANG_WARN_NON_LITERAL_NULL_CONVERSION = YES;
				CLANG_WARN_OBJC_IMPLICIT_RETAIN_SELF = YES;
				CLANG_WARN_OBJC_LITERAL_CONVERSION = YES;
				CLANG_WARN_OBJC_ROOT_CLASS = YES_ERROR;
				CLANG_WARN_RANGE_LOOP_ANALYSIS = YES;
				CLANG_WARN_STRICT_PROTOTYPES = YES;
				CLANG_WARN_SUSPICIOUS_MOVE = YES;
				CLANG_WARN_UNGUARDED_AVAILABILITY = YES_AGGRESSIVE;
				CLANG_WARN_UNREACHABLE_CODE = YES;
				CLANG_WARN__DUPLICATE_METHOD_MATCH = YES;
				CODE_SIGN_IDENTITY = "Mac Developer";
				COPY_PHASE_STRIP = NO;
				DEBUG_INFORMATION_FORMAT = "dwarf-with-dsym";
				ENABLE_NS_ASSERTIONS = NO;
				ENABLE_STRICT_OBJC_MSGSEND = YES;
				GCC_C_LANGUAGE_STANDARD = gnu11;
				GCC_NO_COMMON_BLOCKS = YES;
				GCC_WARN_64_TO_32_BIT_CONVERSION = YES;
				GCC_WARN_ABOUT_RETURN_TYPE = YES_ERROR;
				GCC_WARN_UNDECLARED_SELECTOR = YES;
				GCC_WARN_UNINITIALIZED_AUTOS = YES_AGGRESSIVE;
				GCC_WARN_UNUSED_FUNCTION = YES;
				GCC_WARN_UNUSED_VARIABLE = YES;
				MACOSX_DEPLOYMENT_TARGET = 10.14;
				MTL_ENABLE_DEBUG_INFO = NO;
				MTL_FAST_MATH = YES;
				SDKROOT = macosx;
			};
			name = Release;
		};
		DD3E675D236C387100491B2C /* Debug */ = {
			isa = XCBuildConfiguration;
			buildSettings = {
				CODE_SIGN_STYLE = Automatic;
				DEVELOPMENT_TEAM = 5N5HMF92Q2;
				PRODUCT_NAME = "$(TARGET_NAME)";
			};
			name = Debug;
		};
		DD3E675E236C387100491B2C /* Release */ = {
			isa = XCBuildConfiguration;
			buildSettings = {
				CODE_SIGN_STYLE = Automatic;
				DEVELOPMENT_TEAM = 5N5HMF92Q2;
				PRODUCT_NAME = "$(TARGET_NAME)";
			};
			name = Release;
		};
/* End XCBuildConfiguration section */

/* Begin XCConfigurationList section */
		DD3E6750236C387000491B2C /* Build configuration list for PBXProject "gcc_simple" */ = {
			isa = XCConfigurationList;
			buildConfigurations = (
				DD3E675A236C387100491B2C /* Debug */,
				DD3E675B236C387100491B2C /* Release */,
			);
			defaultConfigurationIsVisible = 0;
			defaultConfigurationName = Release;
		};
		DD3E675C236C387100491B2C /* Build configuration list for PBXNativeTarget "gcc_simple" */ = {
			isa = XCConfigurationList;
			buildConfigurations = (
				DD3E675D236C387100491B2C /* Debug */,
				DD3E675E236C387100491B2C /* Release */,
			);
			defaultConfigurationIsVisible = 0;
			defaultConfigurationName = Release;
		};
/* End XCConfigurationList section */
	};
	rootObject = DD3E674D236C387000491B2C /* Project object */;
}
